
Microsoft Visual Studio Solution File, Format Version 12.00
# Visual Studio Version 17
VisualStudioVersion = 17.14.36429.23 d17.14
MinimumVisualStudioVersion = 10.0.40219.1
Project("{FAE04EC0-301F-11D3-BF4B-00C04F79EFBC}") = "QuadraticEquation", "QuadraticEquation\QuadraticEquation.csproj", "{AA1F4395-A5D4-43CD-884E-D92D61A1F3C9}"
EndProject
Global
	GlobalSection(SolutionConfigurationPlatforms) = preSolution
		Debug|Any CPU = Debug|Any CPU
		Release|Any CPU = Release|Any CPU
	EndGlobalSection
	GlobalSection(ProjectConfigurationPlatforms) = postSolution
		{AA1F4395-A5D4-43CD-884E-D92D61A1F3C9}.Debug|Any CPU.ActiveCfg = Debug|Any CPU
		{AA1F4395-A5D4-43CD-884E-D92D61A1F3C9}.Debug|Any CPU.Build.0 = Debug|Any CPU
		{AA1F4395-A5D4-43CD-884E-D92D61A1F3C9}.Release|Any CPU.ActiveCfg = Release|Any CPU
		{AA1F4395-A5D4-43CD-884E-D92D61A1F3C9}.Release|Any CPU.Build.0 = Release|Any CPU
	EndGlobalSection
	GlobalSection(SolutionProperties) = preSolution
		HideSolutionNode = FALSE
	EndGlobalSection
	GlobalSection(ExtensibilityGlobals) = postSolution
		SolutionGuid = {EA21B850-B17D-4A2A-955F-CB2710F2B248}
	EndGlobalSection
EndGlobal
