
Microsoft Visual Studio Solution File, Format Version 12.00
# Visual Studio Version 17
VisualStudioVersion = 17.14.36429.23
MinimumVisualStudioVersion = 10.0.40219.1
Project("{FAE04EC0-301F-11D3-BF4B-00C04F79EFBC}") = "QuadraticEquation", "QuadraticEquation\QuadraticEquation.csproj", "{AA1F4395-A5D4-43CD-884E-D92D61A1F3C9}"
EndProject
Project("{FAE04EC0-301F-11D3-BF4B-00C04F79EFBC}") = "PointsAverage", "PointsAverage\PointsAverage.csproj", "{42E92F21-3CBA-4AA8-9136-1103077459A4}"
EndProject
Project("{FAE04EC0-301F-11D3-BF4B-00C04F79EFBC}") = "SwitchValues", "SwitchValues\SwitchValues.csproj", "{0A43347C-D402-4248-9D53-1041C0E044FA}"
EndProject
Project("{FAE04EC0-301F-11D3-BF4B-00C04F79EFBC}") = "While", "While\While.csproj", "{D203019F-A1E3-4471-9931-53B1180FA3A1}"
EndProject
Global
	GlobalSection(SolutionConfigurationPlatforms) = preSolution
		Debug|Any CPU = Debug|Any CPU
		Release|Any CPU = Release|Any CPU
	EndGlobalSection
	GlobalSection(ProjectConfigurationPlatforms) = postSolution
		{AA1F4395-A5D4-43CD-884E-D92D61A1F3C9}.Debug|Any CPU.ActiveCfg = Debug|Any CPU
		{AA1F4395-A5D4-43CD-884E-D92D61A1F3C9}.Debug|Any CPU.Build.0 = Debug|Any CPU
		{AA1F4395-A5D4-43CD-884E-D92D61A1F3C9}.Release|Any CPU.ActiveCfg = Release|Any CPU
		{AA1F4395-A5D4-43CD-884E-D92D61A1F3C9}.Release|Any CPU.Build.0 = Release|Any CPU
		{42E92F21-3CBA-4AA8-9136-1103077459A4}.Debug|Any CPU.ActiveCfg = Debug|Any CPU
		{42E92F21-3CBA-4AA8-9136-1103077459A4}.Debug|Any CPU.Build.0 = Debug|Any CPU
		{42E92F21-3CBA-4AA8-9136-1103077459A4}.Release|Any CPU.ActiveCfg = Release|Any CPU
		{42E92F21-3CBA-4AA8-9136-1103077459A4}.Release|Any CPU.Build.0 = Release|Any CPU
		{0A43347C-D402-4248-9D53-1041C0E044FA}.Debug|Any CPU.ActiveCfg = Debug|Any CPU
		{0A43347C-D402-4248-9D53-1041C0E044FA}.Debug|Any CPU.Build.0 = Debug|Any CPU
		{0A43347C-D402-4248-9D53-1041C0E044FA}.Release|Any CPU.ActiveCfg = Release|Any CPU
		{0A43347C-D402-4248-9D53-1041C0E044FA}.Release|Any CPU.Build.0 = Release|Any CPU
		{D203019F-A1E3-4471-9931-53B1180FA3A1}.Debug|Any CPU.ActiveCfg = Debug|Any CPU
		{D203019F-A1E3-4471-9931-53B1180FA3A1}.Debug|Any CPU.Build.0 = Debug|Any CPU
		{D203019F-A1E3-4471-9931-53B1180FA3A1}.Release|Any CPU.ActiveCfg = Release|Any CPU
		{D203019F-A1E3-4471-9931-53B1180FA3A1}.Release|Any CPU.Build.0 = Release|Any CPU
	EndGlobalSection
	GlobalSection(SolutionProperties) = preSolution
		HideSolutionNode = FALSE
	EndGlobalSection
	GlobalSection(ExtensibilityGlobals) = postSolution
		SolutionGuid = {EA21B850-B17D-4A2A-955F-CB2710F2B248}
	EndGlobalSection
EndGlobal
